
Microsoft Visual Studio Solution File, Format Version 12.00
# Visual Studio Version 17
VisualStudioVersion = 17.5.33516.290
MinimumVisualStudioVersion = 10.0.40219.1
Project("{FAE04EC0-301F-11D3-BF4B-00C04F79EFBC}") = "SistemasDistribuidosPix", "SistemasDistribuidosPix\SistemasDistribuidosPix.csproj", "{0E993DCE-0A94-46A7-8209-ECDFEF4C814E}"
EndProject
Global
	GlobalSection(SolutionConfigurationPlatforms) = preSolution
		Debug|Any CPU = Debug|Any CPU
		Release|Any CPU = Release|Any CPU
	EndGlobalSection
	GlobalSection(ProjectConfigurationPlatforms) = postSolution
		{0E993DCE-0A94-46A7-8209-ECDFEF4C814E}.Debug|Any CPU.ActiveCfg = Debug|Any CPU
		{0E993DCE-0A94-46A7-8209-ECDFEF4C814E}.Debug|Any CPU.Build.0 = Debug|Any CPU
		{0E993DCE-0A94-46A7-8209-ECDFEF4C814E}.Release|Any CPU.ActiveCfg = Release|Any CPU
		{0E993DCE-0A94-46A7-8209-ECDFEF4C814E}.Release|Any CPU.Build.0 = Release|Any CPU
	EndGlobalSection
	GlobalSection(SolutionProperties) = preSolution
		HideSolutionNode = FALSE
	EndGlobalSection
	GlobalSection(ExtensibilityGlobals) = postSolution
		SolutionGuid = {F882CBC9-E163-414C-B06E-E0D281522C20}
	EndGlobalSection
EndGlobal
